# This file is autogenerated, do not edit; changes may be undone by the next 'dep ensure'.


[[projects]]
  branch = "master"
  name = "github.com/agl/ed25519"
  packages = [".","edwards25519"]
  revision = "5312a61534124124185d41f09206b9fef1d88403"

[[projects]]
  branch = "master"
  name = "github.com/btcsuite/btclog"
  packages = ["."]
  revision = "84c8d2346e9fc8c7b947e243b9c24e6df9fd206a"

[[projects]]
  branch = "master"
  name = "github.com/dchest/blake256"
  packages = ["."]
  revision = "dee3fe6eb0e98dc774a94fc231f85baf7c29d360"

[[projects]]
  branch = "master"
  name = "github.com/decred/base58"
  packages = ["."]
  revision = "b3520e187fa8ebe65eb74245408cf4b83e6a65d3"

[[projects]]
  branch = "master"
  name = "github.com/decred/dcrd"
  packages = ["blockchain","blockchain/internal/dbnamespace","blockchain/internal/progresslog","blockchain/stake","blockchain/stake/internal/dbnamespace","blockchain/stake/internal/ticketdb","blockchain/stake/internal/tickettreap","chaincfg","chaincfg/chainec","chaincfg/chainhash","database","dcrec/edwards","dcrec/secp256k1","dcrec/secp256k1/schnorr","dcrutil","txscript","wire"]
  revision = "e14519348390e77af99d32480fb410d49b05043f"

[[projects]]
  branch = "master"
  name = "github.com/decred/dcrwallet"
  packages = ["internal/helpers","rpc/walletrpc","wallet/txrules"]
  revision = "465ae84064045041ecee8ed08116f1fc8359dc53"

[[projects]]
  branch = "master"
  name = "github.com/golang/protobuf"
  packages = ["proto","ptypes","ptypes/any","ptypes/duration","ptypes/timestamp"]
  revision = "1e59b77b52bf8e4b449a57e6f79f21226d571845"

[[projects]]
  branch = "master"
  name = "golang.org/x/crypto"
  packages = ["ripemd160","ssh/terminal"]
  revision = "9f005a07e0d31d45e6656d241bb5c0f2efd4bc94"

[[projects]]
  branch = "master"
  name = "golang.org/x/net"
  packages = ["context","http2","http2/hpack","idna","internal/timeseries","lex/httplex","trace"]
  revision = "a337091b0525af65de94df2eb7e98bd9962dcbe2"

[[projects]]
  branch = "master"
  name = "golang.org/x/sys"
  packages = ["unix","windows"]
  revision = "665f6529cca930e27b831a0d1dafffbe1c172924"

[[projects]]
  branch = "master"
  name = "golang.org/x/text"
  packages = ["collate","collate/build","internal/colltab","internal/gen","internal/tag","internal/triegen","internal/ucd","language","secure/bidirule","transform","unicode/bidi","unicode/cldr","unicode/norm","unicode/rangetable"]
  revision = "88f656faf3f37f690df1a32515b479415e1a6769"

[[projects]]
  branch = "master"
  name = "google.golang.org/genproto"
  packages = ["googleapis/rpc/status"]
  revision = "11c7f9e547da6db876260ce49ea7536985904c9b"

[[projects]]
  name = "google.golang.org/grpc"
  packages = [".","balancer","codes","connectivity","credentials","grpclb/grpc_lb_v1/messages","grpclog","internal","keepalive","metadata","naming","peer","resolver","stats","status","tap","transport"]
  revision = "5ffe3083946d5603a0578721101dc8165b1d5b5f"
  version = "v1.7.2"

[solve-meta]
  analyzer-name = "dep"
  analyzer-version = 1
  inputs-digest = "08b46a36b80380940c76b8022e364a7e96267e43944305f978bef97aaefc009a"
  solver-name = "gps-cdcl"
  solver-version = 1
