# This file is autogenerated, do not edit; changes may be undone by the next 'dep ensure'.


[[projects]]
  branch = "master"
  name = "github.com/DesWurstes/btcd"
  packages = ["txscript"]
  revision = "d3cfbfb6e8b64131f3911a6a00246b499aafee37"

[[projects]]
  branch = "master"
  name = "github.com/aead/skein"
  packages = [".","threefish"]
  revision = "9365ae6e95d294dc113a0b308852f97c916db233"

[[projects]]
  branch = "master"
  name = "github.com/agl/ed25519"
  packages = [".","edwards25519"]
  revision = "5312a61534124124185d41f09206b9fef1d88403"

[[projects]]
  branch = "master"
  name = "github.com/bitgoin/lyra2rev2"
  packages = ["sha3"]
  revision = "bae9ad2043bb55facb14c4918e909f88a7d3ed84"

[[projects]]
  branch = "master"
  name = "github.com/btcsuite/btcd"
  packages = ["btcec","btcjson","chaincfg","chaincfg/chainhash","rpcclient","txscript","wire"]
  revision = "2e60448ffcc6bf78332d1fe590260095f554dd78"

[[projects]]
  branch = "master"
  name = "github.com/btcsuite/btclog"
  packages = ["."]
  revision = "84c8d2346e9fc8c7b947e243b9c24e6df9fd206a"

[[projects]]
  branch = "master"
  name = "github.com/btcsuite/btcutil"
  packages = [".","base58","bech32"]
  revision = "501929d3d046174c3d39f0ea54ece471aa17238c"

[[projects]]
  branch = "master"
  name = "github.com/btcsuite/btcwallet"
  packages = ["wallet/txrules"]
  revision = "8e723ea45456fc3e6208a399c849aca54a0d959f"

[[projects]]
  branch = "master"
  name = "github.com/btcsuite/go-socks"
  packages = ["socks"]
  revision = "4720035b7bfd2a9bb130b1c184f8bbe41b6f0d0f"

[[projects]]
  branch = "master"
  name = "github.com/btcsuite/golangcrypto"
  packages = ["ripemd160"]
  revision = "53f62d9b43e87a6c56975cf862af7edf33a8d0df"

[[projects]]
  branch = "master"
  name = "github.com/btcsuite/websocket"
  packages = ["."]
  revision = "31079b6807923eb23992c421b114992b95131b55"

[[projects]]
  name = "github.com/cpacia/bchutil"
  packages = ["."]
  revision = "223045ec4d9ef2fcc7c6ed62f9a8ed80ac9bdf58"

[[projects]]
  branch = "master"
  name = "github.com/dchest/blake256"
  packages = ["."]
  revision = "dee3fe6eb0e98dc774a94fc231f85baf7c29d360"

[[projects]]
  branch = "master"
  name = "github.com/decred/base58"
  packages = ["."]
  revision = "a5d313ea54d82327fbdc0fefc817776aa74f44f0"

[[projects]]
  branch = "master"
  name = "github.com/decred/dcrd"
  packages = ["blockchain","blockchain/internal/dbnamespace","blockchain/internal/progresslog","blockchain/stake","blockchain/stake/internal/dbnamespace","blockchain/stake/internal/ticketdb","blockchain/stake/internal/tickettreap","chaincfg","chaincfg/chainec","chaincfg/chainhash","database","dcrec/edwards","dcrec/secp256k1","dcrec/secp256k1/schnorr","dcrutil","txscript","wire"]
  revision = "97f043a6b768b4d7d31d07cea06810cacc47c0e3"

[[projects]]
  branch = "master"
  name = "github.com/decred/dcrwallet"
  packages = ["internal/helpers","rpc/walletrpc","wallet/txrules"]
  revision = "89876fd1c929427c455e792e5271516e2ae20953"

[[projects]]
  branch = "master"
  name = "github.com/golang/protobuf"
  packages = ["proto","ptypes","ptypes/any","ptypes/duration","ptypes/timestamp"]
  revision = "1e59b77b52bf8e4b449a57e6f79f21226d571845"

[[projects]]
  branch = "ltcatomicswap"
  name = "github.com/ltcsuite/ltcd"
  packages = ["btcec","btcjson","chaincfg","chaincfg/chainhash","rpcclient","txscript","wire"]
  revision = "07a02d6ef2b1822aad5856cb8cbd2fa6eebb14a8"
  source = "github.com/jrick/btcd"

[[projects]]
  branch = "ltcamounts"
  name = "github.com/ltcsuite/ltcutil"
  packages = [".","base58","bech32"]
  revision = "8e0fd08dd902ef58f5177e041916dd795075871d"
  source = "github.com/jrick/btcutil"

[[projects]]
  branch = "ltcdeps"
  name = "github.com/ltcsuite/ltcwallet"
  packages = ["wallet/txrules"]
  revision = "d2214fcebbf4ae65a0b5a06f9a3cfee02794c565"
  source = "github.com/jrick/btcwallet"

[[projects]]
  branch = "master"
  name = "github.com/particl/partsuite_partd"
  packages = ["btcec","btcjson","chaincfg","chaincfg/chainhash","rpcclient","txscript","wire"]
  revision = "2fa2a4f8167050e4c06457f276fb54ce712ab9b7"

[[projects]]
  branch = "master"
  name = "github.com/particl/partsuite_partutil"
  packages = [".","base58","bech32"]
  revision = "117d65fa91c030e875ea5698d99b66258c5684d4"

[[projects]]
  branch = "master"
  name = "github.com/particl/partsuite_partwallet"
  packages = ["wallet/txrules"]
  revision = "970e161f293ff12ebbadae51db1f9d47f7414967"

[[projects]]
  branch = "master"
  name = "github.com/vertcoin/vtcd"
  packages = ["btcec","btcjson","chaincfg","chaincfg/chainhash","rpcclient","txscript","wire"]
  revision = "1c235343bfce9e320613e8a51fe09c84f3d381ca"

[[projects]]
  branch = "master"
  name = "github.com/vertcoin/vtcutil"
  packages = [".","base58","bech32"]
  revision = "264de6df16ae9bcc556487a3ecd06a132224e6ba"

[[projects]]
  branch = "master"
  name = "github.com/vertcoin/vtcwallet"
  packages = ["wallet/txrules"]
  revision = "b52e3e2c5f5292992b702d991d0b187223873353"

[[projects]]
  branch = "master"
  name = "github.com/viacoin/viad"
  packages = ["btcec","btcjson","chaincfg","chaincfg/chainhash","rpcclient","txscript","wire"]
  revision = "a37add7df239fe89ad45630c4249977ddf0764a9"

[[projects]]
  branch = "master"
  name = "github.com/viacoin/viautil"
  packages = [".","base58","bech32"]
  revision = "ed9ec48290bc085ae179946a14675bf2249fc718"

[[projects]]
  branch = "master"
  name = "github.com/viacoin/viawallet"
  packages = ["wallet/txrules"]
  revision = "a775b77c2dc41cc00d3156bc7b57e2ac9776a232"

[[projects]]
  branch = "master"
  name = "github.com/wakiyamap/lyra2rev2"
  packages = ["."]
  revision = "bae9ad2043bb55facb14c4918e909f88a7d3ed84"

[[projects]]
  branch = "master"
  name = "github.com/wakiyamap/monad"
  packages = ["btcec","btcjson","chaincfg","chaincfg/chainhash","rpcclient","txscript","wire"]
  revision = "4148a038f299dfa1c6a6969ea8b8f27ead2376f6"

[[projects]]
  branch = "master"
  name = "github.com/wakiyamap/monautil"
  packages = [".","base58","bech32"]
  revision = "f5bfcf53b9ae24b8146086c9c11790a5f0616d9d"

[[projects]]
  branch = "master"
  name = "github.com/wakiyamap/monawallet"
  packages = ["wallet/txrules"]
  revision = "33714dc4b5f9f4dfd2a2b33af8820bf53d4a3a73"

[[projects]]
  branch = "master"
  name = "golang.org/x/crypto"
  packages = ["pbkdf2","ripemd160","scrypt","ssh/terminal"]
  revision = "a6600008915114d9c087fad9f03d75087b1a74df"

[[projects]]
  branch = "master"
  name = "golang.org/x/net"
  packages = ["context","http2","http2/hpack","idna","internal/timeseries","lex/httplex","trace"]
  revision = "5ccada7d0a7ba9aeb5d3aca8d3501b4c2a509fec"

[[projects]]
  branch = "master"
  name = "golang.org/x/sys"
  packages = ["unix","windows"]
  revision = "2c42eef0765b9837fbdab12011af7830f55f88f0"

[[projects]]
  branch = "master"
  name = "golang.org/x/text"
  packages = ["collate","collate/build","internal/colltab","internal/gen","internal/tag","internal/triegen","internal/ucd","language","secure/bidirule","transform","unicode/bidi","unicode/cldr","unicode/norm","unicode/rangetable"]
  revision = "e19ae1496984b1c655b8044a65c0300a3c878dd3"

[[projects]]
  branch = "master"
  name = "google.golang.org/genproto"
  packages = ["googleapis/rpc/status"]
  revision = "a8101f21cf983e773d0c1133ebc5424792003214"

[[projects]]
  name = "google.golang.org/grpc"
  packages = [".","balancer","balancer/base","balancer/roundrobin","codes","connectivity","credentials","encoding","grpclb/grpc_lb_v1/messages","grpclog","internal","keepalive","metadata","naming","peer","resolver","resolver/dns","resolver/passthrough","stats","status","tap","transport"]
  revision = "7cea4cc846bcf00cbb27595b07da5de875ef7de9"
  version = "v1.9.1"

[solve-meta]
  analyzer-name = "dep"
  analyzer-version = 1
  inputs-digest = "bee1b638abba9750f95177a2d67731d24a31e836fa372cb6e428f8a42633e60c"
  solver-name = "gps-cdcl"
  solver-version = 1
