# This file is autogenerated, do not edit; changes may be undone by the next 'dep ensure'.


[[projects]]
  branch = "master"
  name = "github.com/btcsuite/btclog"
  packages = ["."]
  revision = "84c8d2346e9fc8c7b947e243b9c24e6df9fd206a"

[[projects]]
  branch = "master"
  name = "github.com/btcsuite/go-socks"
  packages = ["socks"]
  revision = "4720035b7bfd2a9bb130b1c184f8bbe41b6f0d0f"

[[projects]]
  branch = "master"
  name = "github.com/btcsuite/websocket"
  packages = ["."]
  revision = "31079b6807923eb23992c421b114992b95131b55"

[[projects]]
  branch = "master"
  name = "github.com/particl/partsuite_partd"
  packages = ["btcec","btcjson","chaincfg","chaincfg/chainhash","rpcclient","txscript","wire"]
  revision = "ae651ccc82938a86c4ea059fc56c305c1e074240"

[[projects]]
  branch = "master"
  name = "github.com/particl/partsuite_partutil"
  packages = [".","base58","bech32"]
  revision = "117d65fa91c030e875ea5698d99b66258c5684d4"

[[projects]]
  branch = "master"
  name = "github.com/particl/partsuite_partwallet"
  packages = ["wallet/txrules"]
  revision = "970e161f293ff12ebbadae51db1f9d47f7414967"

[[projects]]
  branch = "master"
  name = "golang.org/x/crypto"
  packages = ["ripemd160"]
  revision = "b2aa35443fbc700ab74c586ae79b81c171851023"

[solve-meta]
  analyzer-name = "dep"
  analyzer-version = 1
  inputs-digest = "9c505930fc1f023ccb93a1bbe16bbcfe65bf9e81db4ba9ae662c8df28682757c"
  solver-name = "gps-cdcl"
  solver-version = 1
