github.com/btcsuite/btclog v0.0.0-20170628155309-84c8d2346e9f h1:bAs4lUbRJpnnkd9VhRV3jjAVU7DJVjMaK+IsvSeZvFo=
github.com/btcsuite/btclog v0.0.0-20170628155309-84c8d2346e9f/go.mod h1:TdznJufoqS23FtqVCzL0ZqgP5MqXbb4fg/WgDys70nA=
github.com/btcsuite/go-socks v0.0.0-20170105172521-4720035b7bfd h1:R/opQEbFEy9JGkIguV40SvRY1uliPX8ifOvi6ICsFCw=
github.com/btcsuite/go-socks v0.0.0-20170105172521-4720035b7bfd/go.mod h1:HHNXQzUsZCxOoE+CPiyCTO6x34Zs86zZUiwtpXoGdtg=
github.com/btcsuite/golangcrypto v0.0.0-20150304025918-53f62d9b43e8 h1:nOsAWScwueMVk/VLm/dvQQD7DuanyvAUb6B3P3eT274=
github.com/btcsuite/golangcrypto v0.0.0-20150304025918-53f62d9b43e8/go.mod h1:tYvUd8KLhm/oXvUeSEs2VlLghFjQt9+ZaF9ghH0JNjc=
github.com/btcsuite/websocket v0.0.0-20150119174127-31079b680792 h1:R8vQdOQdZ9Y3SkEwmHoWBmX1DNXhXZqlTpq6s4tyJGc=
github.com/btcsuite/websocket v0.0.0-20150119174127-31079b680792/go.mod h1:ghJtEyQwv5/p4Mg4C0fgbePVuGr935/5ddU9Z3TmDRY=
github.com/davecgh/go-spew v1.1.1 h1:vj9j/u1bqnvCEfJOwUhtlOARqs3+rkHYY13jYWTU97c=
github.com/davecgh/go-spew v1.1.1/go.mod h1:J7Y8YcW2NihsgmVo/mv3lAwl/skON4iLHjSsI+c5H38=
github.com/viacoin/viad v0.0.0-20180305104655-65fc0aa9fc92 h1:/aFY+iB0aZgu5Exi2LCwg73YXUQr14izjH84CTkovds=
github.com/viacoin/viad v0.0.0-20180305104655-65fc0aa9fc92/go.mod h1:A0dDrM8aDH1nBbqTLMzkQ46M4hIHLg0Y9SvGx4GftzM=
github.com/viacoin/viautil v0.0.0-20180116154539-ed9ec48290bc h1:MIiojvs54Zh9Xm94jAwavy8EQwkl6ZBoADKgsW2OpxI=
github.com/viacoin/viautil v0.0.0-20180116154539-ed9ec48290bc/go.mod h1:S9vQdEvnXDY7BZm9ej3clQx67G4yjt7gIni69xFoVMQ=
github.com/viacoin/viawallet v0.0.0-20170928144036-a775b77c2dc4 h1:fvb4hRgTWsxX2eN94D0rmG+eYbTzlELuN48BfMVnKBc=
github.com/viacoin/viawallet v0.0.0-20170928144036-a775b77c2dc4/go.mod h1:gJ6CsJJnRWNqRQXgaVpgN2dRQLtOywb9sv6Sscd9OTk=
golang.org/x/crypto v0.0.0-20181030102418-4d3f4d9ffa16 h1:y6ce7gCWtnH+m3dCjzQ1PCuwl28DDIc3VNnvY29DlIA=
golang.org/x/crypto v0.0.0-20181030102418-4d3f4d9ffa16/go.mod h1:6SG95UA2DQfeDnfUPMdvaQW0Q7yPrPDi9nlGo2tz2b4=
