# This file is autogenerated, do not edit; changes may be undone by the next 'dep ensure'.


[[projects]]
  branch = "master"
  name = "github.com/btcsuite/btclog"
  packages = ["."]
  revision = "84c8d2346e9fc8c7b947e243b9c24e6df9fd206a"

[[projects]]
  branch = "master"
  name = "github.com/btcsuite/go-socks"
  packages = ["socks"]
  revision = "4720035b7bfd2a9bb130b1c184f8bbe41b6f0d0f"

[[projects]]
  branch = "master"
  name = "github.com/btcsuite/golangcrypto"
  packages = ["ripemd160"]
  revision = "53f62d9b43e87a6c56975cf862af7edf33a8d0df"

[[projects]]
  branch = "master"
  name = "github.com/btcsuite/websocket"
  packages = ["."]
  revision = "31079b6807923eb23992c421b114992b95131b55"

[[projects]]
  branch = "master"
  name = "github.com/viacoin/viad"
  packages = ["btcec","btcjson","chaincfg","chaincfg/chainhash","rpcclient","txscript","wire"]
  revision = "65fc0aa9fc9238d39504ca7fbbf6fc96900b136b"

[[projects]]
  branch = "master"
  name = "github.com/viacoin/viautil"
  packages = [".","base58","bech32"]
  revision = "ed9ec48290bc085ae179946a14675bf2249fc718"

[[projects]]
  branch = "master"
  name = "github.com/viacoin/viawallet"
  packages = ["wallet/txrules"]
  revision = "a775b77c2dc41cc00d3156bc7b57e2ac9776a232"

[[projects]]
  branch = "master"
  name = "golang.org/x/crypto"
  packages = ["pbkdf2","ripemd160","scrypt"]
  revision = "b2aa35443fbc700ab74c586ae79b81c171851023"

[solve-meta]
  analyzer-name = "dep"
  analyzer-version = 1
  inputs-digest = "0887494ddfecb9b079ab77745795be07ad36d8f18420696b87e5e3c2027bdaac"
  solver-name = "gps-cdcl"
  solver-version = 1
