github.com/btcsuite/btclog v0.0.0-20170628155309-84c8d2346e9f h1:bAs4lUbRJpnnkd9VhRV3jjAVU7DJVjMaK+IsvSeZvFo=
github.com/btcsuite/btclog v0.0.0-20170628155309-84c8d2346e9f/go.mod h1:TdznJufoqS23FtqVCzL0ZqgP5MqXbb4fg/WgDys70nA=
github.com/btcsuite/go-socks v0.0.0-20170105172521-4720035b7bfd h1:R/opQEbFEy9JGkIguV40SvRY1uliPX8ifOvi6ICsFCw=
github.com/btcsuite/go-socks v0.0.0-20170105172521-4720035b7bfd/go.mod h1:HHNXQzUsZCxOoE+CPiyCTO6x34Zs86zZUiwtpXoGdtg=
github.com/btcsuite/golangcrypto v0.0.0-20150304025918-53f62d9b43e8 h1:nOsAWScwueMVk/VLm/dvQQD7DuanyvAUb6B3P3eT274=
github.com/btcsuite/golangcrypto v0.0.0-20150304025918-53f62d9b43e8/go.mod h1:tYvUd8KLhm/oXvUeSEs2VlLghFjQt9+ZaF9ghH0JNjc=
github.com/btcsuite/websocket v0.0.0-20150119174127-31079b680792 h1:R8vQdOQdZ9Y3SkEwmHoWBmX1DNXhXZqlTpq6s4tyJGc=
github.com/btcsuite/websocket v0.0.0-20150119174127-31079b680792/go.mod h1:ghJtEyQwv5/p4Mg4C0fgbePVuGr935/5ddU9Z3TmDRY=
github.com/davecgh/go-spew v1.1.1 h1:vj9j/u1bqnvCEfJOwUhtlOARqs3+rkHYY13jYWTU97c=
github.com/davecgh/go-spew v1.1.1/go.mod h1:J7Y8YcW2NihsgmVo/mv3lAwl/skON4iLHjSsI+c5H38=
github.com/jrick/btcd v0.0.0-20180219142856-941d1c922dfd h1:euKeuJl+0+9fs0XfybpcxpPnDb2WEqlZPvpliOOppAc=
github.com/jrick/btcd v0.0.0-20180219142856-941d1c922dfd/go.mod h1:gpci2+xh6k0M5EHMTt7z3LpfFMTu1MyAxLHXZbz95H0=
github.com/jrick/btcutil v0.0.0-20170913195058-8e0fd08dd902 h1:MCWTIFyM4dt99Jx9QSLzOjghxXUJT8FN20lM1v6kEjY=
github.com/jrick/btcutil v0.0.0-20170913195058-8e0fd08dd902/go.mod h1:H3KHCA2KUelJVfx+o7lSpsaDvOM944Mu4GrjiwjlhHQ=
github.com/jrick/btcwallet v0.0.0-20170913141554-d2214fcebbf4 h1:oeCejPHyDzgEQSa/kZNz5tV4sdwtKYT3vrYs6QFYLIk=
github.com/jrick/btcwallet v0.0.0-20170913141554-d2214fcebbf4/go.mod h1:QUcDza6jDr0Jehwn6NOMXKK8HeKMQ2r4a/TuSDIycb0=
golang.org/x/crypto v0.0.0-20181030102418-4d3f4d9ffa16 h1:y6ce7gCWtnH+m3dCjzQ1PCuwl28DDIc3VNnvY29DlIA=
golang.org/x/crypto v0.0.0-20181030102418-4d3f4d9ffa16/go.mod h1:6SG95UA2DQfeDnfUPMdvaQW0Q7yPrPDi9nlGo2tz2b4=
