# This file is autogenerated, do not edit; changes may be undone by the next 'dep ensure'.


[[projects]]
  branch = "master"
  name = "github.com/btcsuite/btclog"
  packages = ["."]
  revision = "84c8d2346e9fc8c7b947e243b9c24e6df9fd206a"

[[projects]]
  branch = "master"
  name = "github.com/btcsuite/go-socks"
  packages = ["socks"]
  revision = "4720035b7bfd2a9bb130b1c184f8bbe41b6f0d0f"

[[projects]]
  branch = "master"
  name = "github.com/btcsuite/golangcrypto"
  packages = ["ripemd160"]
  revision = "53f62d9b43e87a6c56975cf862af7edf33a8d0df"

[[projects]]
  branch = "master"
  name = "github.com/btcsuite/websocket"
  packages = ["."]
  revision = "31079b6807923eb23992c421b114992b95131b55"

[[projects]]
  branch = "ltcatomicswap"
  name = "github.com/ltcsuite/ltcd"
  packages = ["btcec","btcjson","chaincfg","chaincfg/chainhash","rpcclient","txscript","wire"]
  revision = "73924b0a232dfbdc943daf7370e5f46bcf5904a6"
  source = "github.com/jrick/btcd"

[[projects]]
  branch = "ltcamounts"
  name = "github.com/ltcsuite/ltcutil"
  packages = [".","base58","bech32"]
  revision = "8e0fd08dd902ef58f5177e041916dd795075871d"
  source = "github.com/jrick/btcutil"

[[projects]]
  branch = "ltcdeps"
  name = "github.com/ltcsuite/ltcwallet"
  packages = ["wallet/txrules"]
  revision = "d2214fcebbf4ae65a0b5a06f9a3cfee02794c565"
  source = "github.com/jrick/btcwallet"

[[projects]]
  branch = "master"
  name = "golang.org/x/crypto"
  packages = ["pbkdf2","ripemd160","scrypt"]
  revision = "9f005a07e0d31d45e6656d241bb5c0f2efd4bc94"

[solve-meta]
  analyzer-name = "dep"
  analyzer-version = 1
  inputs-digest = "f60130eeeb660a64f2df0f61ee4da6983e53ed08e51836a63654d416a998c868"
  solver-name = "gps-cdcl"
  solver-version = 1
