github.com/btcsuite/btclog v0.0.0-20170628155309-84c8d2346e9f h1:bAs4lUbRJpnnkd9VhRV3jjAVU7DJVjMaK+IsvSeZvFo=
github.com/btcsuite/btclog v0.0.0-20170628155309-84c8d2346e9f/go.mod h1:TdznJufoqS23FtqVCzL0ZqgP5MqXbb4fg/WgDys70nA=
github.com/btcsuite/go-socks v0.0.0-20170105172521-4720035b7bfd h1:R/opQEbFEy9JGkIguV40SvRY1uliPX8ifOvi6ICsFCw=
github.com/btcsuite/go-socks v0.0.0-20170105172521-4720035b7bfd/go.mod h1:HHNXQzUsZCxOoE+CPiyCTO6x34Zs86zZUiwtpXoGdtg=
github.com/btcsuite/golangcrypto v0.0.0-20150304025918-53f62d9b43e8 h1:nOsAWScwueMVk/VLm/dvQQD7DuanyvAUb6B3P3eT274=
github.com/btcsuite/golangcrypto v0.0.0-20150304025918-53f62d9b43e8/go.mod h1:tYvUd8KLhm/oXvUeSEs2VlLghFjQt9+ZaF9ghH0JNjc=
github.com/btcsuite/websocket v0.0.0-20150119174127-31079b680792 h1:R8vQdOQdZ9Y3SkEwmHoWBmX1DNXhXZqlTpq6s4tyJGc=
github.com/btcsuite/websocket v0.0.0-20150119174127-31079b680792/go.mod h1:ghJtEyQwv5/p4Mg4C0fgbePVuGr935/5ddU9Z3TmDRY=
github.com/davecgh/go-spew v1.1.1 h1:vj9j/u1bqnvCEfJOwUhtlOARqs3+rkHYY13jYWTU97c=
github.com/davecgh/go-spew v1.1.1/go.mod h1:J7Y8YcW2NihsgmVo/mv3lAwl/skON4iLHjSsI+c5H38=
github.com/vertcoin/vtcd v0.0.0-20180720160959-6d9cf860da56 h1:kOoLiJ3kNDPBPK18kwUTHJ8oEnhMTigsxDy6I1lCCMU=
github.com/vertcoin/vtcd v0.0.0-20180720160959-6d9cf860da56/go.mod h1:5bfOoUKIcaH5nHeRC0omSIEJy6Vk+9UmUHRKGmjqRLg=
github.com/vertcoin/vtcutil v0.0.0-20170923045044-264de6df16ae h1:pNOyKu2k48FhRZ/5HJlDfVvzIHJWQb/GlUwgOhlYhj0=
github.com/vertcoin/vtcutil v0.0.0-20170923045044-264de6df16ae/go.mod h1:nMYlafpPte9/vQLkhQa/ec7Eev4G6heA4ZprxKiT7P4=
github.com/vertcoin/vtcwallet v0.0.0-20170923044959-b52e3e2c5f52 h1:qWh1YvQv0o6KY29Arpf5RBR+Oble6Yd6MwnC62XZ/rA=
github.com/vertcoin/vtcwallet v0.0.0-20170923044959-b52e3e2c5f52/go.mod h1:NJfk5H/fz4hcuxBV34h7jeh9w1g/URvEg8Wxis3I8gM=
golang.org/x/crypto v0.0.0-20181030102418-4d3f4d9ffa16 h1:y6ce7gCWtnH+m3dCjzQ1PCuwl28DDIc3VNnvY29DlIA=
golang.org/x/crypto v0.0.0-20181030102418-4d3f4d9ffa16/go.mod h1:6SG95UA2DQfeDnfUPMdvaQW0Q7yPrPDi9nlGo2tz2b4=
