# This file is autogenerated, do not edit; changes may be undone by the next 'dep ensure'.


[[projects]]
  branch = "master"
  name = "github.com/btcsuite/btclog"
  packages = ["."]
  revision = "84c8d2346e9fc8c7b947e243b9c24e6df9fd206a"

[[projects]]
  branch = "master"
  name = "github.com/btcsuite/go-socks"
  packages = ["socks"]
  revision = "4720035b7bfd2a9bb130b1c184f8bbe41b6f0d0f"

[[projects]]
  branch = "master"
  name = "github.com/btcsuite/golangcrypto"
  packages = ["ripemd160"]
  revision = "53f62d9b43e87a6c56975cf862af7edf33a8d0df"

[[projects]]
  branch = "master"
  name = "github.com/btcsuite/websocket"
  packages = ["."]
  revision = "31079b6807923eb23992c421b114992b95131b55"

[[projects]]
  branch = "master"
  name = "github.com/vertcoin/vtcd"
  packages = ["btcec","btcjson","chaincfg","chaincfg/chainhash","rpcclient","txscript","wire"]
  revision = "e703c22063ac06bc1a776d60c9f5b60b6bed17c8"

[[projects]]
  branch = "master"
  name = "github.com/vertcoin/vtcutil"
  packages = [".","base58","bech32"]
  revision = "264de6df16ae9bcc556487a3ecd06a132224e6ba"

[[projects]]
  branch = "master"
  name = "github.com/vertcoin/vtcwallet"
  packages = ["wallet/txrules"]
  revision = "b52e3e2c5f5292992b702d991d0b187223873353"

[[projects]]
  branch = "master"
  name = "golang.org/x/crypto"
  packages = ["pbkdf2","ripemd160","scrypt"]
  revision = "b2aa35443fbc700ab74c586ae79b81c171851023"

[solve-meta]
  analyzer-name = "dep"
  analyzer-version = 1
  inputs-digest = "c5a1db6d19bb3a6ed52b6da44e65663a875c956265128b9983c22651d363e04c"
  solver-name = "gps-cdcl"
  solver-version = 1
