# This file is autogenerated, do not edit; changes may be undone by the next 'dep ensure'.


[[projects]]
  branch = "master"
  name = "github.com/btcsuite/btclog"
  packages = ["."]
  revision = "84c8d2346e9fc8c7b947e243b9c24e6df9fd206a"

[[projects]]
  branch = "master"
  name = "github.com/btcsuite/go-socks"
  packages = ["socks"]
  revision = "4720035b7bfd2a9bb130b1c184f8bbe41b6f0d0f"

[[projects]]
  branch = "master"
  name = "github.com/btcsuite/websocket"
  packages = ["."]
  revision = "31079b6807923eb23992c421b114992b95131b55"

[[projects]]
  branch = "master"
  name = "github.com/zcoinofficial/xzcd"
  packages = ["btcec","btcjson","chaincfg","chaincfg/chainhash","rpcclient","txscript","wire"]
  revision = "ae307d1ae9070c5434a6a203992db0ad35712e96"

[[projects]]
  branch = "master"
  name = "github.com/zcoinofficial/xzcutil"
  packages = [".","base58","bech32"]
  revision = "ca7c84e1d45c50576b352b6dd22f0547b0b56c30"

[[projects]]
  branch = "master"
  name = "github.com/zcoinofficial/xzcwallet"
  packages = ["wallet/txrules"]
  revision = "fe84e6e188b8a4d350109646c084d0fb8c147fae"

[[projects]]
  branch = "master"
  name = "golang.org/x/crypto"
  packages = ["ripemd160"]
  revision = "b2aa35443fbc700ab74c586ae79b81c171851023"

[solve-meta]
  analyzer-name = "dep"
  analyzer-version = 1
  inputs-digest = "47043a7bab7228bbe6bf3e1e23159de574cabe0bc35309b7435f3a1fb70624e6"
  solver-name = "gps-cdcl"
  solver-version = 1
