github.com/btcsuite/btclog v0.0.0-20170628155309-84c8d2346e9f h1:bAs4lUbRJpnnkd9VhRV3jjAVU7DJVjMaK+IsvSeZvFo=
github.com/btcsuite/btclog v0.0.0-20170628155309-84c8d2346e9f/go.mod h1:TdznJufoqS23FtqVCzL0ZqgP5MqXbb4fg/WgDys70nA=
github.com/btcsuite/go-socks v0.0.0-20170105172521-4720035b7bfd h1:R/opQEbFEy9JGkIguV40SvRY1uliPX8ifOvi6ICsFCw=
github.com/btcsuite/go-socks v0.0.0-20170105172521-4720035b7bfd/go.mod h1:HHNXQzUsZCxOoE+CPiyCTO6x34Zs86zZUiwtpXoGdtg=
github.com/btcsuite/golangcrypto v0.0.0-20150304025918-53f62d9b43e8 h1:nOsAWScwueMVk/VLm/dvQQD7DuanyvAUb6B3P3eT274=
github.com/btcsuite/golangcrypto v0.0.0-20150304025918-53f62d9b43e8/go.mod h1:tYvUd8KLhm/oXvUeSEs2VlLghFjQt9+ZaF9ghH0JNjc=
github.com/btcsuite/websocket v0.0.0-20150119174127-31079b680792 h1:R8vQdOQdZ9Y3SkEwmHoWBmX1DNXhXZqlTpq6s4tyJGc=
github.com/btcsuite/websocket v0.0.0-20150119174127-31079b680792/go.mod h1:ghJtEyQwv5/p4Mg4C0fgbePVuGr935/5ddU9Z3TmDRY=
github.com/davecgh/go-spew v1.1.1 h1:vj9j/u1bqnvCEfJOwUhtlOARqs3+rkHYY13jYWTU97c=
github.com/davecgh/go-spew v1.1.1/go.mod h1:J7Y8YcW2NihsgmVo/mv3lAwl/skON4iLHjSsI+c5H38=
github.com/qtumatomicswap/qtumd v0.0.0-20181211085517-ed71c6cbc190 h1:Z3pxjsQDSSBBh5rRIMblJC/RhTSASpdk5Vg9+Lxcem4=
github.com/qtumatomicswap/qtumd v0.0.0-20181211085517-ed71c6cbc190/go.mod h1:ZDirJMhM+67YlTk0ghbxU7XQL/BqD50Ci+PWm4Kz0OQ=
github.com/qtumatomicswap/qtumutil v0.0.0-20181211034343-fe480ac1b6a3 h1:/svfWv9P7QRgtQ1sO+wRryXr4c4lkQyIOrOJp0tinFY=
github.com/qtumatomicswap/qtumutil v0.0.0-20181211034343-fe480ac1b6a3/go.mod h1:dpaEgCWOlw7spvfO0Gn5qgl1Gs76XBjzgU4Mx4Ebvcs=
github.com/qtumatomicswap/qtumwallet v0.0.0-20181211052006-f970f63d913c h1:ZfmpoX9/3vv4x4niAEquPHl0lRJy9PvHeQYUbGJflMQ=
github.com/qtumatomicswap/qtumwallet v0.0.0-20181211052006-f970f63d913c/go.mod h1:7QSN1Ojdsrm74m4Lk2GVbothuMwcL0Lnnjw4lkD8exg=
golang.org/x/crypto v0.0.0-20190219172222-a4c6cb3142f2 h1:NwxKRvbkH5MsNkvOtPZi3/3kmI8CAzs3mtv+GLQMkNo=
golang.org/x/crypto v0.0.0-20190219172222-a4c6cb3142f2/go.mod h1:6SG95UA2DQfeDnfUPMdvaQW0Q7yPrPDi9nlGo2tz2b4=
