github.com/aead/skein v0.0.0-20160722084837-9365ae6e95d2 h1:q5TSngwXJdajCyZPQR+eKyRRgI3/ZXC/Nq1ZxZ4Zxu8=
github.com/aead/skein v0.0.0-20160722084837-9365ae6e95d2/go.mod h1:4JBZEId5BaLqvA2DGU53phvwkn2WpeLhNSF79/uKBPs=
github.com/bitgoin/lyra2rev2 v0.0.0-20161212102046-bae9ad2043bb h1:2FbdV3Tfmli5z4jYgKrosbBRAA48PtYbt4igU5HaXY4=
github.com/bitgoin/lyra2rev2 v0.0.0-20161212102046-bae9ad2043bb/go.mod h1:0vfuB+dfDvUoqr7oGBAZzGvaAyxfKFsYnRwUrNM4ft8=
github.com/btcsuite/btclog v0.0.0-20170628155309-84c8d2346e9f h1:bAs4lUbRJpnnkd9VhRV3jjAVU7DJVjMaK+IsvSeZvFo=
github.com/btcsuite/btclog v0.0.0-20170628155309-84c8d2346e9f/go.mod h1:TdznJufoqS23FtqVCzL0ZqgP5MqXbb4fg/WgDys70nA=
github.com/btcsuite/go-socks v0.0.0-20170105172521-4720035b7bfd h1:R/opQEbFEy9JGkIguV40SvRY1uliPX8ifOvi6ICsFCw=
github.com/btcsuite/go-socks v0.0.0-20170105172521-4720035b7bfd/go.mod h1:HHNXQzUsZCxOoE+CPiyCTO6x34Zs86zZUiwtpXoGdtg=
github.com/btcsuite/golangcrypto v0.0.0-20150304025918-53f62d9b43e8 h1:nOsAWScwueMVk/VLm/dvQQD7DuanyvAUb6B3P3eT274=
github.com/btcsuite/golangcrypto v0.0.0-20150304025918-53f62d9b43e8/go.mod h1:tYvUd8KLhm/oXvUeSEs2VlLghFjQt9+ZaF9ghH0JNjc=
github.com/btcsuite/websocket v0.0.0-20150119174127-31079b680792 h1:R8vQdOQdZ9Y3SkEwmHoWBmX1DNXhXZqlTpq6s4tyJGc=
github.com/btcsuite/websocket v0.0.0-20150119174127-31079b680792/go.mod h1:ghJtEyQwv5/p4Mg4C0fgbePVuGr935/5ddU9Z3TmDRY=
github.com/davecgh/go-spew v1.1.1 h1:vj9j/u1bqnvCEfJOwUhtlOARqs3+rkHYY13jYWTU97c=
github.com/davecgh/go-spew v1.1.1/go.mod h1:J7Y8YcW2NihsgmVo/mv3lAwl/skON4iLHjSsI+c5H38=
github.com/dchest/blake256 v1.0.0 h1:6gUgI5MHdz9g0TdrgKqXsoDX+Zjxmm1Sc6OsoGru50I=
github.com/dchest/blake256 v1.0.0/go.mod h1:xXNWCE1jsAP8DAjP+rKw2MbeqLczjI3TRx2VK+9OEYY=
github.com/wakiyamap/monad v0.0.0-20181031154705-1480cfed9bb4 h1:ZCnZYcCHggAQ4rWEQPeAr+2fYPbdNNylmj97PztT6UE=
github.com/wakiyamap/monad v0.0.0-20181031154705-1480cfed9bb4/go.mod h1:EwPkGI6yt9dQHk+dCftKFb8RrHyOE6w7PmgWgkm6t/M=
github.com/wakiyamap/monautil v0.0.0-20180721224902-c1fba54cb210 h1:r0MSYYQLZnaM/9urfCSE5KjmNmixo31HHQq6zZTKjaU=
github.com/wakiyamap/monautil v0.0.0-20180721224902-c1fba54cb210/go.mod h1:Tc0ZfwQnciD+0GtqI6dVBaAK2+mmIZGZqHO2y9dmUes=
github.com/wakiyamap/monawallet v0.0.0-20180722094343-5685859ec223 h1:NTVjvLArnMIwHHw0dnnVR/eLZi1cARwzmIZH358wXNU=
github.com/wakiyamap/monawallet v0.0.0-20180722094343-5685859ec223/go.mod h1:pL/NvJMHzo1Sak/BY/vv9xQY8WzudGHGQmu3ySeC20Y=
golang.org/x/crypto v0.0.0-20181030102418-4d3f4d9ffa16 h1:y6ce7gCWtnH+m3dCjzQ1PCuwl28DDIc3VNnvY29DlIA=
golang.org/x/crypto v0.0.0-20181030102418-4d3f4d9ffa16/go.mod h1:6SG95UA2DQfeDnfUPMdvaQW0Q7yPrPDi9nlGo2tz2b4=
