# This file is autogenerated, do not edit; changes may be undone by the next 'dep ensure'.


[[projects]]
  branch = "master"
  name = "github.com/aead/skein"
  packages = [".","threefish"]
  revision = "9365ae6e95d294dc113a0b308852f97c916db233"

[[projects]]
  branch = "master"
  name = "github.com/bitgoin/lyra2rev2"
  packages = ["sha3"]
  revision = "bae9ad2043bb55facb14c4918e909f88a7d3ed84"

[[projects]]
  branch = "master"
  name = "github.com/btcsuite/btclog"
  packages = ["."]
  revision = "84c8d2346e9fc8c7b947e243b9c24e6df9fd206a"

[[projects]]
  branch = "master"
  name = "github.com/btcsuite/go-socks"
  packages = ["socks"]
  revision = "4720035b7bfd2a9bb130b1c184f8bbe41b6f0d0f"

[[projects]]
  branch = "master"
  name = "github.com/btcsuite/golangcrypto"
  packages = ["ripemd160"]
  revision = "53f62d9b43e87a6c56975cf862af7edf33a8d0df"

[[projects]]
  branch = "master"
  name = "github.com/btcsuite/websocket"
  packages = ["."]
  revision = "31079b6807923eb23992c421b114992b95131b55"

[[projects]]
  branch = "master"
  name = "github.com/dchest/blake256"
  packages = ["."]
  revision = "dee3fe6eb0e98dc774a94fc231f85baf7c29d360"

[[projects]]
  branch = "master"
  name = "github.com/wakiyamap/lyra2rev2"
  packages = ["."]
  revision = "bae9ad2043bb55facb14c4918e909f88a7d3ed84"

[[projects]]
  branch = "master"
  name = "github.com/wakiyamap/monad"
  packages = ["btcec","btcjson","chaincfg","chaincfg/chainhash","rpcclient","txscript","wire"]
  revision = "334ed97b997397b5357ef335a2362902efbfdaea"

[[projects]]
  branch = "master"
  name = "github.com/wakiyamap/monautil"
  packages = [".","base58","bech32"]
  revision = "5633c0880c69eabe323bf209e7878b5e4aa29595"

[[projects]]
  branch = "master"
  name = "github.com/wakiyamap/monawallet"
  packages = ["wallet/txrules"]
  revision = "f41bbaeeedcde4dd40b175fb564f85f3cfd25417"

[[projects]]
  branch = "master"
  name = "golang.org/x/crypto"
  packages = ["ripemd160"]
  revision = "b2aa35443fbc700ab74c586ae79b81c171851023"

[solve-meta]
  analyzer-name = "dep"
  analyzer-version = 1
  inputs-digest = "84c4c6501bdf93c03e45b55064d21453f81de1662158dc60a83fc6980261232f"
  solver-name = "gps-cdcl"
  solver-version = 1
